// !$*UTF8*$!
{
	archiveVersion = 1;
	classes = {
	};
	objectVersion = 50;
	objects = {

/* Begin PBXBuildFile section */
		021A009E21AA7E2400EE979D /* AppDelegate.swift in Sources */ = {isa = PBXBuildFile; fileRef = 021A009D21AA7E2400EE979D /* AppDelegate.swift */; };
		021A00A021AA7E2400EE979D /* ViewController.swift in Sources */ = {isa = PBXBuildFile; fileRef = 021A009F21AA7E2400EE979D /* ViewController.swift */; };
		021A00A321AA7E2400EE979D /* Main.storyboard in Resources */ = {isa = PBXBuildFile; fileRef = 021A00A121AA7E2400EE979D /* Main.storyboard */; };
		021A00A521AA7E2500EE979D /* Assets.xcassets in Resources */ = {isa = PBXBuildFile; fileRef = 021A00A421AA7E2500EE979D /* Assets.xcassets */; };
		021A00A821AA7E2500EE979D /* LaunchScreen.storyboard in Resources */ = {isa = PBXBuildFile; fileRef = 021A00A621AA7E2500EE979D /* LaunchScreen.storyboard */; };
		021A00B321AA7E2500EE979D /* InstagramCloneTests.swift in Sources */ = {isa = PBXBuildFile; fileRef = 021A00B221AA7E2500EE979D /* InstagramCloneTests.swift */; };
		021A00BE21AA7E2500EE979D /* InstagramCloneUITests.swift in Sources */ = {isa = PBXBuildFile; fileRef = 021A00BD21AA7E2500EE979D /* InstagramCloneUITests.swift */; };
		0254E23321ABAF7E007CE7EA /* UserTableViewController.swift in Sources */ = {isa = PBXBuildFile; fileRef = 0254E23221ABAF7E007CE7EA /* UserTableViewController.swift */; };
		029E8B7E21AC902200A6B16B /* PostImageViewController.swift in Sources */ = {isa = PBXBuildFile; fileRef = 029E8B7D21AC902200A6B16B /* PostImageViewController.swift */; };
		029E8B8021AC9A7800A6B16B /* FeedTableViewController.swift in Sources */ = {isa = PBXBuildFile; fileRef = 029E8B7F21AC9A7800A6B16B /* FeedTableViewController.swift */; };
		029E8B8221AC9C0800A6B16B /* FeedTableViewCell.swift in Sources */ = {isa = PBXBuildFile; fileRef = 029E8B8121AC9C0800A6B16B /* FeedTableViewCell.swift */; };
		52749A085EDFD33DE0FA16E8 /* Pods_InstagramClone.framework in Frameworks */ = {isa = PBXBuildFile; fileRef = 3E10E41C194683481869F609 /* Pods_InstagramClone.framework */; };
/* End PBXBuildFile section */

/* Begin PBXContainerItemProxy section */
		021A00AF21AA7E2500EE979D /* PBXContainerItemProxy */ = {
			isa = PBXContainerItemProxy;
			containerPortal = 021A009221AA7E2400EE979D /* Project object */;
			proxyType = 1;
			remoteGlobalIDString = 021A009921AA7E2400EE979D;
			remoteInfo = InstagramClone;
		};
		021A00BA21AA7E2500EE979D /* PBXContainerItemProxy */ = {
			isa = PBXContainerItemProxy;
			containerPortal = 021A009221AA7E2400EE979D /* Project object */;
			proxyType = 1;
			remoteGlobalIDString = 021A009921AA7E2400EE979D;
			remoteInfo = InstagramClone;
		};
/* End PBXContainerItemProxy section */

/* Begin PBXFileReference section */
		021A009A21AA7E2400EE979D /* InstagramClone.app */ = {isa = PBXFileReference; explicitFileType = wrapper.application; includeInIndex = 0; path = InstagramClone.app; sourceTree = BUILT_PRODUCTS_DIR; };
		021A009D21AA7E2400EE979D /* AppDelegate.swift */ = {isa = PBXFileReference; lastKnownFileType = sourcecode.swift; path = AppDelegate.swift; sourceTree = "<group>"; };
		021A009F21AA7E2400EE979D /* ViewController.swift */ = {isa = PBXFileReference; lastKnownFileType = sourcecode.swift; path = ViewController.swift; sourceTree = "<group>"; };
		021A00A221AA7E2400EE979D /* Base */ = {isa = PBXFileReference; lastKnownFileType = file.storyboard; name = Base; path = Base.lproj/Main.storyboard; sourceTree = "<group>"; };
		021A00A421AA7E2500EE979D /* Assets.xcassets */ = {isa = PBXFileReference; lastKnownFileType = folder.assetcatalog; path = Assets.xcassets; sourceTree = "<group>"; };
		021A00A721AA7E2500EE979D /* Base */ = {isa = PBXFileReference; lastKnownFileType = file.storyboard; name = Base; path = Base.lproj/LaunchScreen.storyboard; sourceTree = "<group>"; };
		021A00A921AA7E2500EE979D /* Info.plist */ = {isa = PBXFileReference; lastKnownFileType = text.plist.xml; path = Info.plist; sourceTree = "<group>"; };
		021A00AE21AA7E2500EE979D /* InstagramCloneTests.xctest */ = {isa = PBXFileReference; explicitFileType = wrapper.cfbundle; includeInIndex = 0; path = InstagramCloneTests.xctest; sourceTree = BUILT_PRODUCTS_DIR; };
		021A00B221AA7E2500EE979D /* InstagramCloneTests.swift */ = {isa = PBXFileReference; lastKnownFileType = sourcecode.swift; path = InstagramCloneTests.swift; sourceTree = "<group>"; };
		021A00B421AA7E2500EE979D /* Info.plist */ = {isa = PBXFileReference; lastKnownFileType = text.plist.xml; path = Info.plist; sourceTree = "<group>"; };
		021A00B921AA7E2500EE979D /* InstagramCloneUITests.xctest */ = {isa = PBXFileReference; explicitFileType = wrapper.cfbundle; includeInIndex = 0; path = InstagramCloneUITests.xctest; sourceTree = BUILT_PRODUCTS_DIR; };
		021A00BD21AA7E2500EE979D /* InstagramCloneUITests.swift */ = {isa = PBXFileReference; lastKnownFileType = sourcecode.swift; path = InstagramCloneUITests.swift; sourceTree = "<group>"; };
		021A00BF21AA7E2500EE979D /* Info.plist */ = {isa = PBXFileReference; lastKnownFileType = text.plist.xml; path = Info.plist; sourceTree = "<group>"; };
		0254E23221ABAF7E007CE7EA /* UserTableViewController.swift */ = {isa = PBXFileReference; lastKnownFileType = sourcecode.swift; path = UserTableViewController.swift; sourceTree = "<group>"; };
		029E8B7D21AC902200A6B16B /* PostImageViewController.swift */ = {isa = PBXFileReference; lastKnownFileType = sourcecode.swift; path = PostImageViewController.swift; sourceTree = "<group>"; };
		029E8B7F21AC9A7800A6B16B /* FeedTableViewController.swift */ = {isa = PBXFileReference; lastKnownFileType = sourcecode.swift; path = FeedTableViewController.swift; sourceTree = "<group>"; };
		029E8B8121AC9C0800A6B16B /* FeedTableViewCell.swift */ = {isa = PBXFileReference; lastKnownFileType = sourcecode.swift; path = FeedTableViewCell.swift; sourceTree = "<group>"; };
		0DC89AC1F317F8BF12E5D481 /* Pods-InstagramClone.debug.xcconfig */ = {isa = PBXFileReference; includeInIndex = 1; lastKnownFileType = text.xcconfig; name = "Pods-InstagramClone.debug.xcconfig"; path = "Pods/Target Support Files/Pods-InstagramClone/Pods-InstagramClone.debug.xcconfig"; sourceTree = "<group>"; };
		3E10E41C194683481869F609 /* Pods_InstagramClone.framework */ = {isa = PBXFileReference; explicitFileType = wrapper.framework; includeInIndex = 0; path = Pods_InstagramClone.framework; sourceTree = BUILT_PRODUCTS_DIR; };
		EBD4F342A938B6F114D34DDC /* Pods-InstagramClone.release.xcconfig */ = {isa = PBXFileReference; includeInIndex = 1; lastKnownFileType = text.xcconfig; name = "Pods-InstagramClone.release.xcconfig"; path = "Pods/Target Support Files/Pods-InstagramClone/Pods-InstagramClone.release.xcconfig"; sourceTree = "<group>"; };
/* End PBXFileReference section */

/* Begin PBXFrameworksBuildPhase section */
		021A009721AA7E2400EE979D /* Frameworks */ = {
			isa = PBXFrameworksBuildPhase;
			buildActionMask = 2147483647;
			files = (
				52749A085EDFD33DE0FA16E8 /* Pods_InstagramClone.framework in Frameworks */,
			);
			runOnlyForDeploymentPostprocessing = 0;
		};
		021A00AB21AA7E2500EE979D /* Frameworks */ = {
			isa = PBXFrameworksBuildPhase;
			buildActionMask = 2147483647;
			files = (
			);
			runOnlyForDeploymentPostprocessing = 0;
		};
		021A00B621AA7E2500EE979D /* Frameworks */ = {
			isa = PBXFrameworksBuildPhase;
			buildActionMask = 2147483647;
			files = (
			);
			runOnlyForDeploymentPostprocessing = 0;
		};
/* End PBXFrameworksBuildPhase section */

/* Begin PBXGroup section */
		021A009121AA7E2400EE979D = {
			isa = PBXGroup;
			children = (
				021A009C21AA7E2400EE979D /* InstagramClone */,
				021A00B121AA7E2500EE979D /* InstagramCloneTests */,
				021A00BC21AA7E2500EE979D /* InstagramCloneUITests */,
				021A009B21AA7E2400EE979D /* Products */,
				D6801983591CE71ED7103648 /* Pods */,
				1BA494683DA577326184377B /* Frameworks */,
			);
			sourceTree = "<group>";
		};
		021A009B21AA7E2400EE979D /* Products */ = {
			isa = PBXGroup;
			children = (
				021A009A21AA7E2400EE979D /* InstagramClone.app */,
				021A00AE21AA7E2500EE979D /* InstagramCloneTests.xctest */,
				021A00B921AA7E2500EE979D /* InstagramCloneUITests.xctest */,
			);
			name = Products;
			sourceTree = "<group>";
		};
		021A009C21AA7E2400EE979D /* InstagramClone */ = {
			isa = PBXGroup;
			children = (
				021A009D21AA7E2400EE979D /* AppDelegate.swift */,
				021A009F21AA7E2400EE979D /* ViewController.swift */,
				021A00A121AA7E2400EE979D /* Main.storyboard */,
				029E8B7F21AC9A7800A6B16B /* FeedTableViewController.swift */,
				029E8B8121AC9C0800A6B16B /* FeedTableViewCell.swift */,
				029E8B7D21AC902200A6B16B /* PostImageViewController.swift */,
				0254E23221ABAF7E007CE7EA /* UserTableViewController.swift */,
				021A00A421AA7E2500EE979D /* Assets.xcassets */,
				021A00A621AA7E2500EE979D /* LaunchScreen.storyboard */,
				021A00A921AA7E2500EE979D /* Info.plist */,
			);
			path = InstagramClone;
			sourceTree = "<group>";
		};
		021A00B121AA7E2500EE979D /* InstagramCloneTests */ = {
			isa = PBXGroup;
			children = (
				021A00B221AA7E2500EE979D /* InstagramCloneTests.swift */,
				021A00B421AA7E2500EE979D /* Info.plist */,
			);
			path = InstagramCloneTests;
			sourceTree = "<group>";
		};
		021A00BC21AA7E2500EE979D /* InstagramCloneUITests */ = {
			isa = PBXGroup;
			children = (
				021A00BD21AA7E2500EE979D /* InstagramCloneUITests.swift */,
				021A00BF21AA7E2500EE979D /* Info.plist */,
			);
			path = InstagramCloneUITests;
			sourceTree = "<group>";
		};
		1BA494683DA577326184377B /* Frameworks */ = {
			isa = PBXGroup;
			children = (
				3E10E41C194683481869F609 /* Pods_InstagramClone.framework */,
			);
			name = Frameworks;
			sourceTree = "<group>";
		};
		D6801983591CE71ED7103648 /* Pods */ = {
			isa = PBXGroup;
			children = (
				0DC89AC1F317F8BF12E5D481 /* Pods-InstagramClone.debug.xcconfig */,
				EBD4F342A938B6F114D34DDC /* Pods-InstagramClone.release.xcconfig */,
			);
			name = Pods;
			sourceTree = "<group>";
		};
/* End PBXGroup section */

/* Begin PBXNativeTarget section */
		021A009921AA7E2400EE979D /* InstagramClone */ = {
			isa = PBXNativeTarget;
			buildConfigurationList = 021A00C221AA7E2500EE979D /* Build configuration list for PBXNativeTarget "InstagramClone" */;
			buildPhases = (
				2BA9B4949E7DCADBF7EB366B /* [CP] Check Pods Manifest.lock */,
				021A009621AA7E2400EE979D /* Sources */,
				021A009721AA7E2400EE979D /* Frameworks */,
				021A009821AA7E2400EE979D /* Resources */,
				D48FA601D6E9DD652330DC7B /* [CP] Embed Pods Frameworks */,
			);
			buildRules = (
			);
			dependencies = (
			);
			name = InstagramClone;
			productName = InstagramClone;
			productReference = 021A009A21AA7E2400EE979D /* InstagramClone.app */;
			productType = "com.apple.product-type.application";
		};
		021A00AD21AA7E2500EE979D /* InstagramCloneTests */ = {
			isa = PBXNativeTarget;
			buildConfigurationList = 021A00C521AA7E2500EE979D /* Build configuration list for PBXNativeTarget "InstagramCloneTests" */;
			buildPhases = (
				021A00AA21AA7E2500EE979D /* Sources */,
				021A00AB21AA7E2500EE979D /* Frameworks */,
				021A00AC21AA7E2500EE979D /* Resources */,
			);
			buildRules = (
			);
			dependencies = (
				021A00B021AA7E2500EE979D /* PBXTargetDependency */,
			);
			name = InstagramCloneTests;
			productName = InstagramCloneTests;
			productReference = 021A00AE21AA7E2500EE979D /* InstagramCloneTests.xctest */;
			productType = "com.apple.product-type.bundle.unit-test";
		};
		021A00B821AA7E2500EE979D /* InstagramCloneUITests */ = {
			isa = PBXNativeTarget;
			buildConfigurationList = 021A00C821AA7E2500EE979D /* Build configuration list for PBXNativeTarget "InstagramCloneUITests" */;
			buildPhases = (
				021A00B521AA7E2500EE979D /* Sources */,
				021A00B621AA7E2500EE979D /* Frameworks */,
				021A00B721AA7E2500EE979D /* Resources */,
			);
			buildRules = (
			);
			dependencies = (
				021A00BB21AA7E2500EE979D /* PBXTargetDependency */,
			);
			name = InstagramCloneUITests;
			productName = InstagramCloneUITests;
			productReference = 021A00B921AA7E2500EE979D /* InstagramCloneUITests.xctest */;
			productType = "com.apple.product-type.bundle.ui-testing";
		};
/* End PBXNativeTarget section */

/* Begin PBXProject section */
		021A009221AA7E2400EE979D /* Project object */ = {
			isa = PBXProject;
			attributes = {
				LastSwiftUpdateCheck = 1010;
				LastUpgradeCheck = 1010;
				ORGANIZATIONNAME = "Connor Miller";
				TargetAttributes = {
					021A009921AA7E2400EE979D = {
						CreatedOnToolsVersion = 10.1;
						LastSwiftMigration = 1020;
					};
					021A00AD21AA7E2500EE979D = {
						CreatedOnToolsVersion = 10.1;
						LastSwiftMigration = 1020;
						TestTargetID = 021A009921AA7E2400EE979D;
					};
					021A00B821AA7E2500EE979D = {
						CreatedOnToolsVersion = 10.1;
						LastSwiftMigration = 1020;
						TestTargetID = 021A009921AA7E2400EE979D;
					};
				};
			};
			buildConfigurationList = 021A009521AA7E2400EE979D /* Build configuration list for PBXProject "InstagramClone" */;
			compatibilityVersion = "Xcode 9.3";
			developmentRegion = en;
			hasScannedForEncodings = 0;
			knownRegions = (
				en,
				Base,
			);
			mainGroup = 021A009121AA7E2400EE979D;
			productRefGroup = 021A009B21AA7E2400EE979D /* Products */;
			projectDirPath = "";
			projectRoot = "";
			targets = (
				021A009921AA7E2400EE979D /* InstagramClone */,
				021A00AD21AA7E2500EE979D /* InstagramCloneTests */,
				021A00B821AA7E2500EE979D /* InstagramCloneUITests */,
			);
		};
/* End PBXProject section */

/* Begin PBXResourcesBuildPhase section */
		021A009821AA7E2400EE979D /* Resources */ = {
			isa = PBXResourcesBuildPhase;
			buildActionMask = 2147483647;
			files = (
				021A00A821AA7E2500EE979D /* LaunchScreen.storyboard in Resources */,
				021A00A521AA7E2500EE979D /* Assets.xcassets in Resources */,
				021A00A321AA7E2400EE979D /* Main.storyboard in Resources */,
			);
			runOnlyForDeploymentPostprocessing = 0;
		};
		021A00AC21AA7E2500EE979D /* Resources */ = {
			isa = PBXResourcesBuildPhase;
			buildActionMask = 2147483647;
			files = (
			);
			runOnlyForDeploymentPostprocessing = 0;
		};
		021A00B721AA7E2500EE979D /* Resources */ = {
			isa = PBXResourcesBuildPhase;
			buildActionMask = 2147483647;
			files = (
			);
			runOnlyForDeploymentPostprocessing = 0;
		};
/* End PBXResourcesBuildPhase section */

/* Begin PBXShellScriptBuildPhase section */
		2BA9B4949E7DCADBF7EB366B /* [CP] Check Pods Manifest.lock */ = {
			isa = PBXShellScriptBuildPhase;
			buildActionMask = 2147483647;
			files = (
			);
			inputFileListPaths = (
			);
			inputPaths = (
				"${PODS_PODFILE_DIR_PATH}/Podfile.lock",
				"${PODS_ROOT}/Manifest.lock",
			);
			name = "[CP] Check Pods Manifest.lock";
			outputFileListPaths = (
			);
			outputPaths = (
				"$(DERIVED_FILE_DIR)/Pods-InstagramClone-checkManifestLockResult.txt",
			);
			runOnlyForDeploymentPostprocessing = 0;
			shellPath = /bin/sh;
			shellScript = "diff \"${PODS_PODFILE_DIR_PATH}/Podfile.lock\" \"${PODS_ROOT}/Manifest.lock\" > /dev/null\nif [ $? != 0 ] ; then\n    # print error to STDERR\n    echo \"error: The sandbox is not in sync with the Podfile.lock. Run 'pod install' or update your CocoaPods installation.\" >&2\n    exit 1\nfi\n# This output is used by Xcode 'outputs' to avoid re-running this script phase.\necho \"SUCCESS\" > \"${SCRIPT_OUTPUT_FILE_0}\"\n";
			showEnvVarsInLog = 0;
		};
		D48FA601D6E9DD652330DC7B /* [CP] Embed Pods Frameworks */ = {
			isa = PBXShellScriptBuildPhase;
			buildActionMask = 2147483647;
			files = (
			);
			inputFileListPaths = (
			);
			inputPaths = (
				"${SRCROOT}/Pods/Target Support Files/Pods-InstagramClone/Pods-InstagramClone-frameworks.sh",
				"${BUILT_PRODUCTS_DIR}/Bolts/Bolts.framework",
				"${BUILT_PRODUCTS_DIR}/Parse/Parse.framework",
			);
			name = "[CP] Embed Pods Frameworks";
			outputFileListPaths = (
			);
			outputPaths = (
				"${TARGET_BUILD_DIR}/${FRAMEWORKS_FOLDER_PATH}/Bolts.framework",
				"${TARGET_BUILD_DIR}/${FRAMEWORKS_FOLDER_PATH}/Parse.framework",
			);
			runOnlyForDeploymentPostprocessing = 0;
			shellPath = /bin/sh;
			shellScript = "\"${SRCROOT}/Pods/Target Support Files/Pods-InstagramClone/Pods-InstagramClone-frameworks.sh\"\n";
			showEnvVarsInLog = 0;
		};
/* End PBXShellScriptBuildPhase section */

/* Begin PBXSourcesBuildPhase section */
		021A009621AA7E2400EE979D /* Sources */ = {
			isa = PBXSourcesBuildPhase;
			buildActionMask = 2147483647;
			files = (
				029E8B7E21AC902200A6B16B /* PostImageViewController.swift in Sources */,
				029E8B8221AC9C0800A6B16B /* FeedTableViewCell.swift in Sources */,
				021A00A021AA7E2400EE979D /* ViewController.swift in Sources */,
				029E8B8021AC9A7800A6B16B /* FeedTableViewController.swift in Sources */,
				0254E23321ABAF7E007CE7EA /* UserTableViewController.swift in Sources */,
				021A009E21AA7E2400EE979D /* AppDelegate.swift in Sources */,
			);
			runOnlyForDeploymentPostprocessing = 0;
		};
		021A00AA21AA7E2500EE979D /* Sources */ = {
			isa = PBXSourcesBuildPhase;
			buildActionMask = 2147483647;
			files = (
				021A00B321AA7E2500EE979D /* InstagramCloneTests.swift in Sources */,
			);
			runOnlyForDeploymentPostprocessing = 0;
		};
		021A00B521AA7E2500EE979D /* Sources */ = {
			isa = PBXSourcesBuildPhase;
			buildActionMask = 2147483647;
			files = (
				021A00BE21AA7E2500EE979D /* InstagramCloneUITests.swift in Sources */,
			);
			runOnlyForDeploymentPostprocessing = 0;
		};
/* End PBXSourcesBuildPhase section */

/* Begin PBXTargetDependency section */
		021A00B021AA7E2500EE979D /* PBXTargetDependency */ = {
			isa = PBXTargetDependency;
			target = 021A009921AA7E2400EE979D /* InstagramClone */;
			targetProxy = 021A00AF21AA7E2500EE979D /* PBXContainerItemProxy */;
		};
		021A00BB21AA7E2500EE979D /* PBXTargetDependency */ = {
			isa = PBXTargetDependency;
			target = 021A009921AA7E2400EE979D /* InstagramClone */;
			targetProxy = 021A00BA21AA7E2500EE979D /* PBXContainerItemProxy */;
		};
/* End PBXTargetDependency section */

/* Begin PBXVariantGroup section */
		021A00A121AA7E2400EE979D /* Main.storyboard */ = {
			isa = PBXVariantGroup;
			children = (
				021A00A221AA7E2400EE979D /* Base */,
			);
			name = Main.storyboard;
			sourceTree = "<group>";
		};
		021A00A621AA7E2500EE979D /* LaunchScreen.storyboard */ = {
			isa = PBXVariantGroup;
			children = (
				021A00A721AA7E2500EE979D /* Base */,
			);
			name = LaunchScreen.storyboard;
			sourceTree = "<group>";
		};
/* End PBXVariantGroup section */

/* Begin XCBuildConfiguration section */
		021A00C021AA7E2500EE979D /* Debug */ = {
			isa = XCBuildConfiguration;
			buildSettings = {
				ALWAYS_SEARCH_USER_PATHS = NO;
				CLANG_ANALYZER_NONNULL = YES;
				CLANG_ANALYZER_NUMBER_OBJECT_CONVERSION = YES_AGGRESSIVE;
				CLANG_CXX_LANGUAGE_STANDARD = "gnu++14";
				CLANG_CXX_LIBRARY = "libc++";
				CLANG_ENABLE_MODULES = YES;
				CLANG_ENABLE_OBJC_ARC = YES;
				CLANG_ENABLE_OBJC_WEAK = YES;
				CLANG_WARN_BLOCK_CAPTURE_AUTORELEASING = YES;
				CLANG_WARN_BOOL_CONVERSION = YES;
				CLANG_WARN_COMMA = YES;
				CLANG_WARN_CONSTANT_CONVERSION = YES;
				CLANG_WARN_DEPRECATED_OBJC_IMPLEMENTATIONS = YES;
				CLANG_WARN_DIRECT_OBJC_ISA_USAGE = YES_ERROR;
				CLANG_WARN_DOCUMENTATION_COMMENTS = YES;
				CLANG_WARN_EMPTY_BODY = YES;
				CLANG_WARN_ENUM_CONVERSION = YES;
				CLANG_WARN_INFINITE_RECURSION = YES;
				CLANG_WARN_INT_CONVERSION = YES;
				CLANG_WARN_NON_LITERAL_NULL_CONVERSION = YES;
				CLANG_WARN_OBJC_IMPLICIT_RETAIN_SELF = YES;
				CLANG_WARN_OBJC_LITERAL_CONVERSION = YES;
				CLANG_WARN_OBJC_ROOT_CLASS = YES_ERROR;
				CLANG_WARN_RANGE_LOOP_ANALYSIS = YES;
				CLANG_WARN_STRICT_PROTOTYPES = YES;
				CLANG_WARN_SUSPICIOUS_MOVE = YES;
				CLANG_WARN_UNGUARDED_AVAILABILITY = YES_AGGRESSIVE;
				CLANG_WARN_UNREACHABLE_CODE = YES;
				CLANG_WARN__DUPLICATE_METHOD_MATCH = YES;
				CODE_SIGN_IDENTITY = "iPhone Developer";
				COPY_PHASE_STRIP = NO;
				DEBUG_INFORMATION_FORMAT = dwarf;
				ENABLE_STRICT_OBJC_MSGSEND = YES;
				ENABLE_TESTABILITY = YES;
				GCC_C_LANGUAGE_STANDARD = gnu11;
				GCC_DYNAMIC_NO_PIC = NO;
				GCC_NO_COMMON_BLOCKS = YES;
				GCC_OPTIMIZATION_LEVEL = 0;
				GCC_PREPROCESSOR_DEFINITIONS = (
					"DEBUG=1",
					"$(inherited)",
				);
				GCC_WARN_64_TO_32_BIT_CONVERSION = YES;
				GCC_WARN_ABOUT_RETURN_TYPE = YES_ERROR;
				GCC_WARN_UNDECLARED_SELECTOR = YES;
				GCC_WARN_UNINITIALIZED_AUTOS = YES_AGGRESSIVE;
				GCC_WARN_UNUSED_FUNCTION = YES;
				GCC_WARN_UNUSED_VARIABLE = YES;
				IPHONEOS_DEPLOYMENT_TARGET = 12.1;
				MTL_ENABLE_DEBUG_INFO = INCLUDE_SOURCE;
				MTL_FAST_MATH = YES;
				ONLY_ACTIVE_ARCH = YES;
				SDKROOT = iphoneos;
				SWIFT_ACTIVE_COMPILATION_CONDITIONS = DEBUG;
				SWIFT_OPTIMIZATION_LEVEL = "-Onone";
			};
			name = Debug;
		};
		021A00C121AA7E2500EE979D /* Release */ = {
			isa = XCBuildConfiguration;
			buildSettings = {
				ALWAYS_SEARCH_USER_PATHS = NO;
				CLANG_ANALYZER_NONNULL = YES;
				CLANG_ANALYZER_NUMBER_OBJECT_CONVERSION = YES_AGGRESSIVE;
				CLANG_CXX_LANGUAGE_STANDARD = "gnu++14";
				CLANG_CXX_LIBRARY = "libc++";
				CLANG_ENABLE_MODULES = YES;
				CLANG_ENABLE_OBJC_ARC = YES;
				CLANG_ENABLE_OBJC_WEAK = YES;
				CLANG_WARN_BLOCK_CAPTURE_AUTORELEASING = YES;
				CLANG_WARN_BOOL_CONVERSION = YES;
				CLANG_WARN_COMMA = YES;
				CLANG_WARN_CONSTANT_CONVERSION = YES;
				CLANG_WARN_DEPRECATED_OBJC_IMPLEMENTATIONS = YES;
				CLANG_WARN_DIRECT_OBJC_ISA_USAGE = YES_ERROR;
				CLANG_WARN_DOCUMENTATION_COMMENTS = YES;
				CLANG_WARN_EMPTY_BODY = YES;
				CLANG_WARN_ENUM_CONVERSION = YES;
				CLANG_WARN_INFINITE_RECURSION = YES;
				CLANG_WARN_INT_CONVERSION = YES;
				CLANG_WARN_NON_LITERAL_NULL_CONVERSION = YES;
				CLANG_WARN_OBJC_IMPLICIT_RETAIN_SELF = YES;
				CLANG_WARN_OBJC_LITERAL_CONVERSION = YES;
				CLANG_WARN_OBJC_ROOT_CLASS = YES_ERROR;
				CLANG_WARN_RANGE_LOOP_ANALYSIS = YES;
				CLANG_WARN_STRICT_PROTOTYPES = YES;
				CLANG_WARN_SUSPICIOUS_MOVE = YES;
				CLANG_WARN_UNGUARDED_AVAILABILITY = YES_AGGRESSIVE;
				CLANG_WARN_UNREACHABLE_CODE = YES;
				CLANG_WARN__DUPLICATE_METHOD_MATCH = YES;
				CODE_SIGN_IDENTITY = "iPhone Developer";
				COPY_PHASE_STRIP = NO;
				DEBUG_INFORMATION_FORMAT = "dwarf-with-dsym";
				ENABLE_NS_ASSERTIONS = NO;
				ENABLE_STRICT_OBJC_MSGSEND = YES;
				GCC_C_LANGUAGE_STANDARD = gnu11;
				GCC_NO_COMMON_BLOCKS = YES;
				GCC_WARN_64_TO_32_BIT_CONVERSION = YES;
				GCC_WARN_ABOUT_RETURN_TYPE = YES_ERROR;
				GCC_WARN_UNDECLARED_SELECTOR = YES;
				GCC_WARN_UNINITIALIZED_AUTOS = YES_AGGRESSIVE;
				GCC_WARN_UNUSED_FUNCTION = YES;
				GCC_WARN_UNUSED_VARIABLE = YES;
				IPHONEOS_DEPLOYMENT_TARGET = 12.1;
				MTL_ENABLE_DEBUG_INFO = NO;
				MTL_FAST_MATH = YES;
				SDKROOT = iphoneos;
				SWIFT_COMPILATION_MODE = wholemodule;
				SWIFT_OPTIMIZATION_LEVEL = "-O";
				VALIDATE_PRODUCT = YES;
			};
			name = Release;
		};
		021A00C321AA7E2500EE979D /* Debug */ = {
			isa = XCBuildConfiguration;
			baseConfigurationReference = 0DC89AC1F317F8BF12E5D481 /* Pods-InstagramClone.debug.xcconfig */;
			buildSettings = {
				ASSETCATALOG_COMPILER_APPICON_NAME = AppIcon;
				CODE_SIGN_STYLE = Automatic;
				DEVELOPMENT_TEAM = T9Q5JTK2UJ;
				INFOPLIST_FILE = InstagramClone/Info.plist;
				LD_RUNPATH_SEARCH_PATHS = (
					"$(inherited)",
					"@executable_path/Frameworks",
				);
				PRODUCT_BUNDLE_IDENTIFIER = InstagramClone12345667890;
				PRODUCT_NAME = "$(TARGET_NAME)";
				SWIFT_VERSION = 5.0;
				TARGETED_DEVICE_FAMILY = "1,2";
			};
			name = Debug;
		};
		021A00C421AA7E2500EE979D /* Release */ = {
			isa = XCBuildConfiguration;
			baseConfigurationReference = EBD4F342A938B6F114D34DDC /* Pods-InstagramClone.release.xcconfig */;
			buildSettings = {
				ASSETCATALOG_COMPILER_APPICON_NAME = AppIcon;
				CODE_SIGN_STYLE = Automatic;
				DEVELOPMENT_TEAM = T9Q5JTK2UJ;
				INFOPLIST_FILE = InstagramClone/Info.plist;
				LD_RUNPATH_SEARCH_PATHS = (
					"$(inherited)",
					"@executable_path/Frameworks",
				);
				PRODUCT_BUNDLE_IDENTIFIER = InstagramClone12345667890;
				PRODUCT_NAME = "$(TARGET_NAME)";
				SWIFT_VERSION = 5.0;
				TARGETED_DEVICE_FAMILY = "1,2";
			};
			name = Release;
		};
		021A00C621AA7E2500EE979D /* Debug */ = {
			isa = XCBuildConfiguration;
			buildSettings = {
				ALWAYS_EMBED_SWIFT_STANDARD_LIBRARIES = YES;
				BUNDLE_LOADER = "$(TEST_HOST)";
				CODE_SIGN_STYLE = Automatic;
				DEVELOPMENT_TEAM = T9Q5JTK2UJ;
				INFOPLIST_FILE = InstagramCloneTests/Info.plist;
				LD_RUNPATH_SEARCH_PATHS = (
					"$(inherited)",
					"@executable_path/Frameworks",
					"@loader_path/Frameworks",
				);
				PRODUCT_BUNDLE_IDENTIFIER = com.example.InstagramCloneTests;
				PRODUCT_NAME = "$(TARGET_NAME)";
				SWIFT_VERSION = 5.0;
				TARGETED_DEVICE_FAMILY = "1,2";
				TEST_HOST = "$(BUILT_PRODUCTS_DIR)/InstagramClone.app/InstagramClone";
			};
			name = Debug;
		};
		021A00C721AA7E2500EE979D /* Release */ = {
			isa = XCBuildConfiguration;
			buildSettings = {
				ALWAYS_EMBED_SWIFT_STANDARD_LIBRARIES = YES;
				BUNDLE_LOADER = "$(TEST_HOST)";
				CODE_SIGN_STYLE = Automatic;
				DEVELOPMENT_TEAM = T9Q5JTK2UJ;
				INFOPLIST_FILE = InstagramCloneTests/Info.plist;
				LD_RUNPATH_SEARCH_PATHS = (
					"$(inherited)",
					"@executable_path/Frameworks",
					"@loader_path/Frameworks",
				);
				PRODUCT_BUNDLE_IDENTIFIER = com.example.InstagramCloneTests;
				PRODUCT_NAME = "$(TARGET_NAME)";
				SWIFT_VERSION = 5.0;
				TARGETED_DEVICE_FAMILY = "1,2";
				TEST_HOST = "$(BUILT_PRODUCTS_DIR)/InstagramClone.app/InstagramClone";
			};
			name = Release;
		};
		021A00C921AA7E2500EE979D /* Debug */ = {
			isa = XCBuildConfiguration;
			buildSettings = {
				ALWAYS_EMBED_SWIFT_STANDARD_LIBRARIES = YES;
				CODE_SIGN_STYLE = Automatic;
				DEVELOPMENT_TEAM = T9Q5JTK2UJ;
				INFOPLIST_FILE = InstagramCloneUITests/Info.plist;
				LD_RUNPATH_SEARCH_PATHS = (
					"$(inherited)",
					"@executable_path/Frameworks",
					"@loader_path/Frameworks",
				);
				PRODUCT_BUNDLE_IDENTIFIER = com.example.InstagramCloneUITests;
				PRODUCT_NAME = "$(TARGET_NAME)";
				SWIFT_VERSION = 5.0;
				TARGETED_DEVICE_FAMILY = "1,2";
				TEST_TARGET_NAME = InstagramClone;
			};
			name = Debug;
		};
		021A00CA21AA7E2500EE979D /* Release */ = {
			isa = XCBuildConfiguration;
			buildSettings = {
				ALWAYS_EMBED_SWIFT_STANDARD_LIBRARIES = YES;
				CODE_SIGN_STYLE = Automatic;
				DEVELOPMENT_TEAM = T9Q5JTK2UJ;
				INFOPLIST_FILE = InstagramCloneUITests/Info.plist;
				LD_RUNPATH_SEARCH_PATHS = (
					"$(inherited)",
					"@executable_path/Frameworks",
					"@loader_path/Frameworks",
				);
				PRODUCT_BUNDLE_IDENTIFIER = com.example.InstagramCloneUITests;
				PRODUCT_NAME = "$(TARGET_NAME)";
				SWIFT_VERSION = 5.0;
				TARGETED_DEVICE_FAMILY = "1,2";
				TEST_TARGET_NAME = InstagramClone;
			};
			name = Release;
		};
/* End XCBuildConfiguration section */

/* Begin XCConfigurationList section */
		021A009521AA7E2400EE979D /* Build configuration list for PBXProject "InstagramClone" */ = {
			isa = XCConfigurationList;
			buildConfigurations = (
				021A00C021AA7E2500EE979D /* Debug */,
				021A00C121AA7E2500EE979D /* Release */,
			);
			defaultConfigurationIsVisible = 0;
			defaultConfigurationName = Release;
		};
		021A00C221AA7E2500EE979D /* Build configuration list for PBXNativeTarget "InstagramClone" */ = {
			isa = XCConfigurationList;
			buildConfigurations = (
				021A00C321AA7E2500EE979D /* Debug */,
				021A00C421AA7E2500EE979D /* Release */,
			);
			defaultConfigurationIsVisible = 0;
			defaultConfigurationName = Release;
		};
		021A00C521AA7E2500EE979D /* Build configuration list for PBXNativeTarget "InstagramCloneTests" */ = {
			isa = XCConfigurationList;
			buildConfigurations = (
				021A00C621AA7E2500EE979D /* Debug */,
				021A00C721AA7E2500EE979D /* Release */,
			);
			defaultConfigurationIsVisible = 0;
			defaultConfigurationName = Release;
		};
		021A00C821AA7E2500EE979D /* Build configuration list for PBXNativeTarget "InstagramCloneUITests" */ = {
			isa = XCConfigurationList;
			buildConfigurations = (
				021A00C921AA7E2500EE979D /* Debug */,
				021A00CA21AA7E2500EE979D /* Release */,
			);
			defaultConfigurationIsVisible = 0;
			defaultConfigurationName = Release;
		};
/* End XCConfigurationList section */
	};
	rootObject = 021A009221AA7E2400EE979D /* Project object */;
}
